// !$*UTF8*$!
{
	archiveVersion = 1;
	classes = {
	};
	objectVersion = 50;
	objects = {

/* Begin PBXBuildFile section */
		312A2EF6224E7BA100C7B9CD /* AppDelegate.swift in Sources */ = {isa = PBXBuildFile; fileRef = 312A2EF5224E7BA100C7B9CD /* AppDelegate.swift */; };
		312A2EF8224E7BA100C7B9CD /* ViewController.swift in Sources */ = {isa = PBXBuildFile; fileRef = 312A2EF7224E7BA100C7B9CD /* ViewController.swift */; };
		312A2EFB224E7BA100C7B9CD /* Main.storyboard in Resources */ = {isa = PBXBuildFile; fileRef = 312A2EF9224E7BA100C7B9CD /* Main.storyboard */; };
		312A2EFD224E7BA300C7B9CD /* Assets.xcassets in Resources */ = {isa = PBXBuildFile; fileRef = 312A2EFC224E7BA300C7B9CD /* Assets.xcassets */; };
		312A2F00224E7BA300C7B9CD /* LaunchScreen.storyboard in Resources */ = {isa = PBXBuildFile; fileRef = 312A2EFE224E7BA300C7B9CD /* LaunchScreen.storyboard */; };
		312A2F08224E7D1A00C7B9CD /* EvolveViewController.swift in Sources */ = {isa = PBXBuildFile; fileRef = 312A2F07224E7D1A00C7B9CD /* EvolveViewController.swift */; };
		3143477D22554A740049769C /* Tools.swift in Sources */ = {isa = PBXBuildFile; fileRef = 3143477C22554A740049769C /* Tools.swift */; };
		3147516E2253EEF800C013A5 /* SettingsViewController.swift in Sources */ = {isa = PBXBuildFile; fileRef = 3147516D2253EEF800C013A5 /* SettingsViewController.swift */; };
		314751702253EF1200C013A5 /* HelpViewController.swift in Sources */ = {isa = PBXBuildFile; fileRef = 3147516F2253EF1200C013A5 /* HelpViewController.swift */; };
		31D3FEF52254C20D0052C212 /* Evolve.swift in Sources */ = {isa = PBXBuildFile; fileRef = 31D3FEF42254C20D0052C212 /* Evolve.swift */; };
/* End PBXBuildFile section */

/* Begin PBXFileReference section */
		312A2EF2224E7BA100C7B9CD /* Evolve.app */ = {isa = PBXFileReference; explicitFileType = wrapper.application; includeInIndex = 0; path = Evolve.app; sourceTree = BUILT_PRODUCTS_DIR; };
		312A2EF5224E7BA100C7B9CD /* AppDelegate.swift */ = {isa = PBXFileReference; lastKnownFileType = sourcecode.swift; path = AppDelegate.swift; sourceTree = "<group>"; };
		312A2EF7224E7BA100C7B9CD /* ViewController.swift */ = {isa = PBXFileReference; lastKnownFileType = sourcecode.swift; path = ViewController.swift; sourceTree = "<group>"; };
		312A2EFA224E7BA100C7B9CD /* Base */ = {isa = PBXFileReference; lastKnownFileType = file.storyboard; name = Base; path = Base.lproj/Main.storyboard; sourceTree = "<group>"; };
		312A2EFC224E7BA300C7B9CD /* Assets.xcassets */ = {isa = PBXFileReference; lastKnownFileType = folder.assetcatalog; path = Assets.xcassets; sourceTree = "<group>"; };
		312A2EFF224E7BA300C7B9CD /* Base */ = {isa = PBXFileReference; lastKnownFileType = file.storyboard; name = Base; path = Base.lproj/LaunchScreen.storyboard; sourceTree = "<group>"; };
		312A2F01224E7BA300C7B9CD /* Info.plist */ = {isa = PBXFileReference; lastKnownFileType = text.plist.xml; path = Info.plist; sourceTree = "<group>"; };
		312A2F07224E7D1A00C7B9CD /* EvolveViewController.swift */ = {isa = PBXFileReference; lastKnownFileType = sourcecode.swift; path = EvolveViewController.swift; sourceTree = "<group>"; };
		3143477C22554A740049769C /* Tools.swift */ = {isa = PBXFileReference; lastKnownFileType = sourcecode.swift; path = Tools.swift; sourceTree = "<group>"; };
		3147516D2253EEF800C013A5 /* SettingsViewController.swift */ = {isa = PBXFileReference; lastKnownFileType = sourcecode.swift; path = SettingsViewController.swift; sourceTree = "<group>"; };
		3147516F2253EF1200C013A5 /* HelpViewController.swift */ = {isa = PBXFileReference; lastKnownFileType = sourcecode.swift; path = HelpViewController.swift; sourceTree = "<group>"; };
		31D3FEF42254C20D0052C212 /* Evolve.swift */ = {isa = PBXFileReference; lastKnownFileType = sourcecode.swift; path = Evolve.swift; sourceTree = "<group>"; };
/* End PBXFileReference section */

/* Begin PBXFrameworksBuildPhase section */
		312A2EEF224E7BA100C7B9CD /* Frameworks */ = {
			isa = PBXFrameworksBuildPhase;
			buildActionMask = 2147483647;
			files = (
			);
			runOnlyForDeploymentPostprocessing = 0;
		};
/* End PBXFrameworksBuildPhase section */

/* Begin PBXGroup section */
		312A2EE9224E7BA100C7B9CD = {
			isa = PBXGroup;
			children = (
				312A2EF4224E7BA100C7B9CD /* Evolve */,
				312A2EF3224E7BA100C7B9CD /* Products */,
			);
			sourceTree = "<group>";
		};
		312A2EF3224E7BA100C7B9CD /* Products */ = {
			isa = PBXGroup;
			children = (
				312A2EF2224E7BA100C7B9CD /* Evolve.app */,
			);
			name = Products;
			sourceTree = "<group>";
		};
		312A2EF4224E7BA100C7B9CD /* Evolve */ = {
			isa = PBXGroup;
			children = (
				312A2EF5224E7BA100C7B9CD /* AppDelegate.swift */,
				312A2EF7224E7BA100C7B9CD /* ViewController.swift */,
				3147516D2253EEF800C013A5 /* SettingsViewController.swift */,
				3147516F2253EF1200C013A5 /* HelpViewController.swift */,
				312A2F07224E7D1A00C7B9CD /* EvolveViewController.swift */,
				31D3FEF42254C20D0052C212 /* Evolve.swift */,
				3143477C22554A740049769C /* Tools.swift */,
				312A2EF9224E7BA100C7B9CD /* Main.storyboard */,
				312A2EFC224E7BA300C7B9CD /* Assets.xcassets */,
				312A2EFE224E7BA300C7B9CD /* LaunchScreen.storyboard */,
				312A2F01224E7BA300C7B9CD /* Info.plist */,
			);
			path = Evolve;
			sourceTree = "<group>";
		};
/* End PBXGroup section */

/* Begin PBXNativeTarget section */
		312A2EF1224E7BA100C7B9CD /* Evolve */ = {
			isa = PBXNativeTarget;
			buildConfigurationList = 312A2F04224E7BA300C7B9CD /* Build configuration list for PBXNativeTarget "Evolve" */;
			buildPhases = (
				312A2EEE224E7BA100C7B9CD /* Sources */,
				312A2EEF224E7BA100C7B9CD /* Frameworks */,
				312A2EF0224E7BA100C7B9CD /* Resources */,
			);
			buildRules = (
			);
			dependencies = (
			);
			name = Evolve;
			productName = Evolve;
			productReference = 312A2EF2224E7BA100C7B9CD /* Evolve.app */;
			productType = "com.apple.product-type.application";
		};
/* End PBXNativeTarget section */

/* Begin PBXProject section */
		312A2EEA224E7BA100C7B9CD /* Project object */ = {
			isa = PBXProject;
			attributes = {
				LastSwiftUpdateCheck = 1020;
				LastUpgradeCheck = 1020;
				ORGANIZATIONNAME = "Liam Vinson";
				TargetAttributes = {
					312A2EF1224E7BA100C7B9CD = {
						CreatedOnToolsVersion = 10.2;
					};
				};
			};
			buildConfigurationList = 312A2EED224E7BA100C7B9CD /* Build configuration list for PBXProject "Evolve" */;
			compatibilityVersion = "Xcode 9.3";
			developmentRegion = en;
			hasScannedForEncodings = 0;
			knownRegions = (
				en,
				Base,
			);
			mainGroup = 312A2EE9224E7BA100C7B9CD;
			productRefGroup = 312A2EF3224E7BA100C7B9CD /* Products */;
			projectDirPath = "";
			projectRoot = "";
			targets = (
				312A2EF1224E7BA100C7B9CD /* Evolve */,
			);
		};
/* End PBXProject section */

/* Begin PBXResourcesBuildPhase section */
		312A2EF0224E7BA100C7B9CD /* Resources */ = {
			isa = PBXResourcesBuildPhase;
			buildActionMask = 2147483647;
			files = (
				312A2F00224E7BA300C7B9CD /* LaunchScreen.storyboard in Resources */,
				312A2EFD224E7BA300C7B9CD /* Assets.xcassets in Resources */,
				312A2EFB224E7BA100C7B9CD /* Main.storyboard in Resources */,
			);
			runOnlyForDeploymentPostprocessing = 0;
		};
/* End PBXResourcesBuildPhase section */

/* Begin PBXSourcesBuildPhase section */
		312A2EEE224E7BA100C7B9CD /* Sources */ = {
			isa = PBXSourcesBuildPhase;
			buildActionMask = 2147483647;
			files = (
				312A2EF8224E7BA100C7B9CD /* ViewController.swift in Sources */,
				314751702253EF1200C013A5 /* HelpViewController.swift in Sources */,
				312A2EF6224E7BA100C7B9CD /* AppDelegate.swift in Sources */,
				3147516E2253EEF800C013A5 /* SettingsViewController.swift in Sources */,
				3143477D22554A740049769C /* Tools.swift in Sources */,
				31D3FEF52254C20D0052C212 /* Evolve.swift in Sources */,
				312A2F08224E7D1A00C7B9CD /* EvolveViewController.swift in Sources */,
			);
			runOnlyForDeploymentPostprocessing = 0;
		};
/* End PBXSourcesBuildPhase section */

/* Begin PBXVariantGroup section */
		312A2EF9224E7BA100C7B9CD /* Main.storyboard */ = {
			isa = PBXVariantGroup;
			children = (
				312A2EFA224E7BA100C7B9CD /* Base */,
			);
			name = Main.storyboard;
			sourceTree = "<group>";
		};
		312A2EFE224E7BA300C7B9CD /* LaunchScreen.storyboard */ = {
			isa = PBXVariantGroup;
			children = (
				312A2EFF224E7BA300C7B9CD /* Base */,
			);
			name = LaunchScreen.storyboard;
			sourceTree = "<group>";
		};
/* End PBXVariantGroup section */

/* Begin XCBuildConfiguration section */
		312A2F02224E7BA300C7B9CD /* Debug */ = {
			isa = XCBuildConfiguration;
			buildSettings = {
				ALWAYS_SEARCH_USER_PATHS = NO;
				CLANG_ANALYZER_NONNULL = YES;
				CLANG_ANALYZER_NUMBER_OBJECT_CONVERSION = YES_AGGRESSIVE;
				CLANG_CXX_LANGUAGE_STANDARD = "gnu++14";
				CLANG_CXX_LIBRARY = "libc++";
				CLANG_ENABLE_MODULES = YES;
				CLANG_ENABLE_OBJC_ARC = YES;
				CLANG_ENABLE_OBJC_WEAK = YES;
				CLANG_WARN_BLOCK_CAPTURE_AUTORELEASING = YES;
				CLANG_WARN_BOOL_CONVERSION = YES;
				CLANG_WARN_COMMA = YES;
				CLANG_WARN_CONSTANT_CONVERSION = YES;
				CLANG_WARN_DEPRECATED_OBJC_IMPLEMENTATIONS = YES;
				CLANG_WARN_DIRECT_OBJC_ISA_USAGE = YES_ERROR;
				CLANG_WARN_DOCUMENTATION_COMMENTS = YES;
				CLANG_WARN_EMPTY_BODY = YES;
				CLANG_WARN_ENUM_CONVERSION = YES;
				CLANG_WARN_INFINITE_RECURSION = YES;
				CLANG_WARN_INT_CONVERSION = YES;
				CLANG_WARN_NON_LITERAL_NULL_CONVERSION = YES;
				CLANG_WARN_OBJC_IMPLICIT_RETAIN_SELF = YES;
				CLANG_WARN_OBJC_LITERAL_CONVERSION = YES;
				CLANG_WARN_OBJC_ROOT_CLASS = YES_ERROR;
				CLANG_WARN_RANGE_LOOP_ANALYSIS = YES;
				CLANG_WARN_STRICT_PROTOTYPES = YES;
				CLANG_WARN_SUSPICIOUS_MOVE = YES;
				CLANG_WARN_UNGUARDED_AVAILABILITY = YES_AGGRESSIVE;
				CLANG_WARN_UNREACHABLE_CODE = YES;
				CLANG_WARN__DUPLICATE_METHOD_MATCH = YES;
				CODE_SIGN_IDENTITY = "iPhone Developer";
				COPY_PHASE_STRIP = NO;
				DEBUG_INFORMATION_FORMAT = dwarf;
				ENABLE_STRICT_OBJC_MSGSEND = YES;
				ENABLE_TESTABILITY = YES;
				GCC_C_LANGUAGE_STANDARD = gnu11;
				GCC_DYNAMIC_NO_PIC = NO;
				GCC_NO_COMMON_BLOCKS = YES;
				GCC_OPTIMIZATION_LEVEL = 0;
				GCC_PREPROCESSOR_DEFINITIONS = (
					"DEBUG=1",
					"$(inherited)",
				);
				GCC_WARN_64_TO_32_BIT_CONVERSION = YES;
				GCC_WARN_ABOUT_RETURN_TYPE = YES_ERROR;
				GCC_WARN_UNDECLARED_SELECTOR = YES;
				GCC_WARN_UNINITIALIZED_AUTOS = YES_AGGRESSIVE;
				GCC_WARN_UNUSED_FUNCTION = YES;
				GCC_WARN_UNUSED_VARIABLE = YES;
				IPHONEOS_DEPLOYMENT_TARGET = 12.2;
				MTL_ENABLE_DEBUG_INFO = INCLUDE_SOURCE;
				MTL_FAST_MATH = YES;
				ONLY_ACTIVE_ARCH = YES;
				SDKROOT = iphoneos;
				SWIFT_ACTIVE_COMPILATION_CONDITIONS = DEBUG;
				SWIFT_OPTIMIZATION_LEVEL = "-Onone";
			};
			name = Debug;
		};
		312A2F03224E7BA300C7B9CD /* Release */ = {
			isa = XCBuildConfiguration;
			buildSettings = {
				ALWAYS_SEARCH_USER_PATHS = NO;
				CLANG_ANALYZER_NONNULL = YES;
				CLANG_ANALYZER_NUMBER_OBJECT_CONVERSION = YES_AGGRESSIVE;
				CLANG_CXX_LANGUAGE_STANDARD = "gnu++14";
				CLANG_CXX_LIBRARY = "libc++";
				CLANG_ENABLE_MODULES = YES;
				CLANG_ENABLE_OBJC_ARC = YES;
				CLANG_ENABLE_OBJC_WEAK = YES;
				CLANG_WARN_BLOCK_CAPTURE_AUTORELEASING = YES;
				CLANG_WARN_BOOL_CONVERSION = YES;
				CLANG_WARN_COMMA = YES;
				CLANG_WARN_CONSTANT_CONVERSION = YES;
				CLANG_WARN_DEPRECATED_OBJC_IMPLEMENTATIONS = YES;
				CLANG_WARN_DIRECT_OBJC_ISA_USAGE = YES_ERROR;
				CLANG_WARN_DOCUMENTATION_COMMENTS = YES;
				CLANG_WARN_EMPTY_BODY = YES;
				CLANG_WARN_ENUM_CONVERSION = YES;
				CLANG_WARN_INFINITE_RECURSION = YES;
				CLANG_WARN_INT_CONVERSION = YES;
				CLANG_WARN_NON_LITERAL_NULL_CONVERSION = YES;
				CLANG_WARN_OBJC_IMPLICIT_RETAIN_SELF = YES;
				CLANG_WARN_OBJC_LITERAL_CONVERSION = YES;
				CLANG_WARN_OBJC_ROOT_CLASS = YES_ERROR;
				CLANG_WARN_RANGE_LOOP_ANALYSIS = YES;
				CLANG_WARN_STRICT_PROTOTYPES = YES;
				CLANG_WARN_SUSPICIOUS_MOVE = YES;
				CLANG_WARN_UNGUARDED_AVAILABILITY = YES_AGGRESSIVE;
				CLANG_WARN_UNREACHABLE_CODE = YES;
				CLANG_WARN__DUPLICATE_METHOD_MATCH = YES;
				CODE_SIGN_IDENTITY = "iPhone Developer";
				COPY_PHASE_STRIP = NO;
				DEBUG_INFORMATION_FORMAT = "dwarf-with-dsym";
				ENABLE_NS_ASSERTIONS = NO;
				ENABLE_STRICT_OBJC_MSGSEND = YES;
				GCC_C_LANGUAGE_STANDARD = gnu11;
				GCC_NO_COMMON_BLOCKS = YES;
				GCC_WARN_64_TO_32_BIT_CONVERSION = YES;
				GCC_WARN_ABOUT_RETURN_TYPE = YES_ERROR;
				GCC_WARN_UNDECLARED_SELECTOR = YES;
				GCC_WARN_UNINITIALIZED_AUTOS = YES_AGGRESSIVE;
				GCC_WARN_UNUSED_FUNCTION = YES;
				GCC_WARN_UNUSED_VARIABLE = YES;
				IPHONEOS_DEPLOYMENT_TARGET = 12.2;
				MTL_ENABLE_DEBUG_INFO = NO;
				MTL_FAST_MATH = YES;
				SDKROOT = iphoneos;
				SWIFT_COMPILATION_MODE = wholemodule;
				SWIFT_OPTIMIZATION_LEVEL = "-O";
				VALIDATE_PRODUCT = YES;
			};
			name = Release;
		};
		312A2F05224E7BA300C7B9CD /* Debug */ = {
			isa = XCBuildConfiguration;
			buildSettings = {
				ASSETCATALOG_COMPILER_APPICON_NAME = AppIcon;
				CODE_SIGN_STYLE = Automatic;
				DEVELOPMENT_TEAM = LHZS8DC4DB;
				INFOPLIST_FILE = Evolve/Info.plist;
				LD_RUNPATH_SEARCH_PATHS = (
					"$(inherited)",
					"@executable_path/Frameworks",
				);
				PRODUCT_BUNDLE_IDENTIFIER = com.example.EvolveApp;
				PRODUCT_NAME = "$(TARGET_NAME)";
				SWIFT_VERSION = 5.0;
				TARGETED_DEVICE_FAMILY = "1,2";
			};
			name = Debug;
		};
		312A2F06224E7BA300C7B9CD /* Release */ = {
			isa = XCBuildConfiguration;
			buildSettings = {
				ASSETCATALOG_COMPILER_APPICON_NAME = AppIcon;
				CODE_SIGN_STYLE = Automatic;
				DEVELOPMENT_TEAM = LHZS8DC4DB;
				INFOPLIST_FILE = Evolve/Info.plist;
				LD_RUNPATH_SEARCH_PATHS = (
					"$(inherited)",
					"@executable_path/Frameworks",
				);
				PRODUCT_BUNDLE_IDENTIFIER = com.example.EvolveApp;
				PRODUCT_NAME = "$(TARGET_NAME)";
				SWIFT_VERSION = 5.0;
				TARGETED_DEVICE_FAMILY = "1,2";
			};
			name = Release;
		};
/* End XCBuildConfiguration section */

/* Begin XCConfigurationList section */
		312A2EED224E7BA100C7B9CD /* Build configuration list for PBXProject "Evolve" */ = {
			isa = XCConfigurationList;
			buildConfigurations = (
				312A2F02224E7BA300C7B9CD /* Debug */,
				312A2F03224E7BA300C7B9CD /* Release */,
			);
			defaultConfigurationIsVisible = 0;
			defaultConfigurationName = Release;
		};
		312A2F04224E7BA300C7B9CD /* Build configuration list for PBXNativeTarget "Evolve" */ = {
			isa = XCConfigurationList;
			buildConfigurations = (
				312A2F05224E7BA300C7B9CD /* Debug */,
				312A2F06224E7BA300C7B9CD /* Release */,
			);
			defaultConfigurationIsVisible = 0;
			defaultConfigurationName = Release;
		};
/* End XCConfigurationList section */
	};
	rootObject = 312A2EEA224E7BA100C7B9CD /* Project object */;
}
